// !$*UTF8*$!
{
	archiveVersion = 1;
	classes = {
	};
	objectVersion = 50;
	objects = {

/* Begin PBXBuildFile section */
		15D8117E214E58AE008E58F7 /* AppDelegate.swift in Sources */ = {isa = PBXBuildFile; fileRef = 15D8117D214E58AE008E58F7 /* AppDelegate.swift */; };
		15D81180214E58AE008E58F7 /* ViewController.swift in Sources */ = {isa = PBXBuildFile; fileRef = 15D8117F214E58AE008E58F7 /* ViewController.swift */; };
		15D81183214E58AE008E58F7 /* Main.storyboard in Resources */ = {isa = PBXBuildFile; fileRef = 15D81181214E58AE008E58F7 /* Main.storyboard */; };
		15D81185214E58B1008E58F7 /* Assets.xcassets in Resources */ = {isa = PBXBuildFile; fileRef = 15D81184214E58B1008E58F7 /* Assets.xcassets */; };
		15D81188214E58B1008E58F7 /* LaunchScreen.storyboard in Resources */ = {isa = PBXBuildFile; fileRef = 15D81186214E58B1008E58F7 /* LaunchScreen.storyboard */; };
		15D81193214E58B1008E58F7 /* UISliderTests.swift in Sources */ = {isa = PBXBuildFile; fileRef = 15D81192214E58B1008E58F7 /* UISliderTests.swift */; };
		15D8119E214E58B1008E58F7 /* UISliderUITests.swift in Sources */ = {isa = PBXBuildFile; fileRef = 15D8119D214E58B1008E58F7 /* UISliderUITests.swift */; };
/* End PBXBuildFile section */

/* Begin PBXContainerItemProxy section */
		15D8118F214E58B1008E58F7 /* PBXContainerItemProxy */ = {
			isa = PBXContainerItemProxy;
			containerPortal = 15D81172214E58AE008E58F7 /* Project object */;
			proxyType = 1;
			remoteGlobalIDString = 15D81179214E58AE008E58F7;
			remoteInfo = UISlider;
		};
		15D8119A214E58B1008E58F7 /* PBXContainerItemProxy */ = {
			isa = PBXContainerItemProxy;
			containerPortal = 15D81172214E58AE008E58F7 /* Project object */;
			proxyType = 1;
			remoteGlobalIDString = 15D81179214E58AE008E58F7;
			remoteInfo = UISlider;
		};
/* End PBXContainerItemProxy section */

/* Begin PBXFileReference section */
		15D8117A214E58AE008E58F7 /* UISlider.app */ = {isa = PBXFileReference; explicitFileType = wrapper.application; includeInIndex = 0; path = UISlider.app; sourceTree = BUILT_PRODUCTS_DIR; };
		15D8117D214E58AE008E58F7 /* AppDelegate.swift */ = {isa = PBXFileReference; lastKnownFileType = sourcecode.swift; path = AppDelegate.swift; sourceTree = "<group>"; };
		15D8117F214E58AE008E58F7 /* ViewController.swift */ = {isa = PBXFileReference; lastKnownFileType = sourcecode.swift; path = ViewController.swift; sourceTree = "<group>"; };
		15D81182214E58AE008E58F7 /* Base */ = {isa = PBXFileReference; lastKnownFileType = file.storyboard; name = Base; path = Base.lproj/Main.storyboard; sourceTree = "<group>"; };
		15D81184214E58B1008E58F7 /* Assets.xcassets */ = {isa = PBXFileReference; lastKnownFileType = folder.assetcatalog; path = Assets.xcassets; sourceTree = "<group>"; };
		15D81187214E58B1008E58F7 /* Base */ = {isa = PBXFileReference; lastKnownFileType = file.storyboard; name = Base; path = Base.lproj/LaunchScreen.storyboard; sourceTree = "<group>"; };
		15D81189214E58B1008E58F7 /* Info.plist */ = {isa = PBXFileReference; lastKnownFileType = text.plist.xml; path = Info.plist; sourceTree = "<group>"; };
		15D8118E214E58B1008E58F7 /* UISliderTests.xctest */ = {isa = PBXFileReference; explicitFileType = wrapper.cfbundle; includeInIndex = 0; path = UISliderTests.xctest; sourceTree = BUILT_PRODUCTS_DIR; };
		15D81192214E58B1008E58F7 /* UISliderTests.swift */ = {isa = PBXFileReference; lastKnownFileType = sourcecode.swift; path = UISliderTests.swift; sourceTree = "<group>"; };
		15D81194214E58B1008E58F7 /* Info.plist */ = {isa = PBXFileReference; lastKnownFileType = text.plist.xml; path = Info.plist; sourceTree = "<group>"; };
		15D81199214E58B1008E58F7 /* UISliderUITests.xctest */ = {isa = PBXFileReference; explicitFileType = wrapper.cfbundle; includeInIndex = 0; path = UISliderUITests.xctest; sourceTree = BUILT_PRODUCTS_DIR; };
		15D8119D214E58B1008E58F7 /* UISliderUITests.swift */ = {isa = PBXFileReference; lastKnownFileType = sourcecode.swift; path = UISliderUITests.swift; sourceTree = "<group>"; };
		15D8119F214E58B1008E58F7 /* Info.plist */ = {isa = PBXFileReference; lastKnownFileType = text.plist.xml; path = Info.plist; sourceTree = "<group>"; };
/* End PBXFileReference section */

/* Begin PBXFrameworksBuildPhase section */
		15D81177214E58AE008E58F7 /* Frameworks */ = {
			isa = PBXFrameworksBuildPhase;
			buildActionMask = 2147483647;
			files = (
			);
			runOnlyForDeploymentPostprocessing = 0;
		};
		15D8118B214E58B1008E58F7 /* Frameworks */ = {
			isa = PBXFrameworksBuildPhase;
			buildActionMask = 2147483647;
			files = (
			);
			runOnlyForDeploymentPostprocessing = 0;
		};
		15D81196214E58B1008E58F7 /* Frameworks */ = {
			isa = PBXFrameworksBuildPhase;
			buildActionMask = 2147483647;
			files = (
			);
			runOnlyForDeploymentPostprocessing = 0;
		};
/* End PBXFrameworksBuildPhase section */

/* Begin PBXGroup section */
		15D81171214E58AE008E58F7 = {
			isa = PBXGroup;
			children = (
				15D8117C214E58AE008E58F7 /* UISlider */,
				15D81191214E58B1008E58F7 /* UISliderTests */,
				15D8119C214E58B1008E58F7 /* UISliderUITests */,
				15D8117B214E58AE008E58F7 /* Products */,
			);
			sourceTree = "<group>";
		};
		15D8117B214E58AE008E58F7 /* Products */ = {
			isa = PBXGroup;
			children = (
				15D8117A214E58AE008E58F7 /* UISlider.app */,
				15D8118E214E58B1008E58F7 /* UISliderTests.xctest */,
				15D81199214E58B1008E58F7 /* UISliderUITests.xctest */,
			);
			name = Products;
			sourceTree = "<group>";
		};
		15D8117C214E58AE008E58F7 /* UISlider */ = {
			isa = PBXGroup;
			children = (
				15D8117D214E58AE008E58F7 /* AppDelegate.swift */,
				15D8117F214E58AE008E58F7 /* ViewController.swift */,
				15D81181214E58AE008E58F7 /* Main.storyboard */,
				15D81184214E58B1008E58F7 /* Assets.xcassets */,
				15D81186214E58B1008E58F7 /* LaunchScreen.storyboard */,
				15D81189214E58B1008E58F7 /* Info.plist */,
			);
			path = UISlider;
			sourceTree = "<group>";
		};
		15D81191214E58B1008E58F7 /* UISliderTests */ = {
			isa = PBXGroup;
			children = (
				15D81192214E58B1008E58F7 /* UISliderTests.swift */,
				15D81194214E58B1008E58F7 /* Info.plist */,
			);
			path = UISliderTests;
			sourceTree = "<group>";
		};
		15D8119C214E58B1008E58F7 /* UISliderUITests */ = {
			isa = PBXGroup;
			children = (
				15D8119D214E58B1008E58F7 /* UISliderUITests.swift */,
				15D8119F214E58B1008E58F7 /* Info.plist */,
			);
			path = UISliderUITests;
			sourceTree = "<group>";
		};
/* End PBXGroup section */

/* Begin PBXNativeTarget section */
		15D81179214E58AE008E58F7 /* UISlider */ = {
			isa = PBXNativeTarget;
			buildConfigurationList = 15D811A2214E58B1008E58F7 /* Build configuration list for PBXNativeTarget "UISlider" */;
			buildPhases = (
				15D81176214E58AE008E58F7 /* Sources */,
				15D81177214E58AE008E58F7 /* Frameworks */,
				15D81178214E58AE008E58F7 /* Resources */,
			);
			buildRules = (
			);
			dependencies = (
			);
			name = UISlider;
			productName = UISlider;
			productReference = 15D8117A214E58AE008E58F7 /* UISlider.app */;
			productType = "com.apple.product-type.application";
		};
		15D8118D214E58B1008E58F7 /* UISliderTests */ = {
			isa = PBXNativeTarget;
			buildConfigurationList = 15D811A5214E58B1008E58F7 /* Build configuration list for PBXNativeTarget "UISliderTests" */;
			buildPhases = (
				15D8118A214E58B1008E58F7 /* Sources */,
				15D8118B214E58B1008E58F7 /* Frameworks */,
				15D8118C214E58B1008E58F7 /* Resources */,
			);
			buildRules = (
			);
			dependencies = (
				15D81190214E58B1008E58F7 /* PBXTargetDependency */,
			);
			name = UISliderTests;
			productName = UISliderTests;
			productReference = 15D8118E214E58B1008E58F7 /* UISliderTests.xctest */;
			productType = "com.apple.product-type.bundle.unit-test";
		};
		15D81198214E58B1008E58F7 /* UISliderUITests */ = {
			isa = PBXNativeTarget;
			buildConfigurationList = 15D811A8214E58B1008E58F7 /* Build configuration list for PBXNativeTarget "UISliderUITests" */;
			buildPhases = (
				15D81195214E58B1008E58F7 /* Sources */,
				15D81196214E58B1008E58F7 /* Frameworks */,
				15D81197214E58B1008E58F7 /* Resources */,
			);
			buildRules = (
			);
			dependencies = (
				15D8119B214E58B1008E58F7 /* PBXTargetDependency */,
			);
			name = UISliderUITests;
			productName = UISliderUITests;
			productReference = 15D81199214E58B1008E58F7 /* UISliderUITests.xctest */;
			productType = "com.apple.product-type.bundle.ui-testing";
		};
/* End PBXNativeTarget section */

/* Begin PBXProject section */
		15D81172214E58AE008E58F7 /* Project object */ = {
			isa = PBXProject;
			attributes = {
				LastSwiftUpdateCheck = 1000;
				LastUpgradeCheck = 1000;
				ORGANIZATIONNAME = "李维强";
				TargetAttributes = {
					15D81179214E58AE008E58F7 = {
						CreatedOnToolsVersion = 10.0;
					};
					15D8118D214E58B1008E58F7 = {
						CreatedOnToolsVersion = 10.0;
						TestTargetID = 15D81179214E58AE008E58F7;
					};
					15D81198214E58B1008E58F7 = {
						CreatedOnToolsVersion = 10.0;
						TestTargetID = 15D81179214E58AE008E58F7;
					};
				};
			};
			buildConfigurationList = 15D81175214E58AE008E58F7 /* Build configuration list for PBXProject "UISlider" */;
			compatibilityVersion = "Xcode 9.3";
			developmentRegion = en;
			hasScannedForEncodings = 0;
			knownRegions = (
				en,
				Base,
			);
			mainGroup = 15D81171214E58AE008E58F7;
			productRefGroup = 15D8117B214E58AE008E58F7 /* Products */;
			projectDirPath = "";
			projectRoot = "";
			targets = (
				15D81179214E58AE008E58F7 /* UISlider */,
				15D8118D214E58B1008E58F7 /* UISliderTests */,
				15D81198214E58B1008E58F7 /* UISliderUITests */,
			);
		};
/* End PBXProject section */

/* Begin PBXResourcesBuildPhase section */
		15D81178214E58AE008E58F7 /* Resources */ = {
			isa = PBXResourcesBuildPhase;
			buildActionMask = 2147483647;
			files = (
				15D81188214E58B1008E58F7 /* LaunchScreen.storyboard in Resources */,
				15D81185214E58B1008E58F7 /* Assets.xcassets in Resources */,
				15D81183214E58AE008E58F7 /* Main.storyboard in Resources */,
			);
			runOnlyForDeploymentPostprocessing = 0;
		};
		15D8118C214E58B1008E58F7 /* Resources */ = {
			isa = PBXResourcesBuildPhase;
			buildActionMask = 2147483647;
			files = (
			);
			runOnlyForDeploymentPostprocessing = 0;
		};
		15D81197214E58B1008E58F7 /* Resources */ = {
			isa = PBXResourcesBuildPhase;
			buildActionMask = 2147483647;
			files = (
			);
			runOnlyForDeploymentPostprocessing = 0;
		};
/* End PBXResourcesBuildPhase section */

/* Begin PBXSourcesBuildPhase section */
		15D81176214E58AE008E58F7 /* Sources */ = {
			isa = PBXSourcesBuildPhase;
			buildActionMask = 2147483647;
			files = (
				15D81180214E58AE008E58F7 /* ViewController.swift in Sources */,
				15D8117E214E58AE008E58F7 /* AppDelegate.swift in Sources */,
			);
			runOnlyForDeploymentPostprocessing = 0;
		};
		15D8118A214E58B1008E58F7 /* Sources */ = {
			isa = PBXSourcesBuildPhase;
			buildActionMask = 2147483647;
			files = (
				15D81193214E58B1008E58F7 /* UISliderTests.swift in Sources */,
			);
			runOnlyForDeploymentPostprocessing = 0;
		};
		15D81195214E58B1008E58F7 /* Sources */ = {
			isa = PBXSourcesBuildPhase;
			buildActionMask = 2147483647;
			files = (
				15D8119E214E58B1008E58F7 /* UISliderUITests.swift in Sources */,
			);
			runOnlyForDeploymentPostprocessing = 0;
		};
/* End PBXSourcesBuildPhase section */

/* Begin PBXTargetDependency section */
		15D81190214E58B1008E58F7 /* PBXTargetDependency */ = {
			isa = PBXTargetDependency;
			target = 15D81179214E58AE008E58F7 /* UISlider */;
			targetProxy = 15D8118F214E58B1008E58F7 /* PBXContainerItemProxy */;
		};
		15D8119B214E58B1008E58F7 /* PBXTargetDependency */ = {
			isa = PBXTargetDependency;
			target = 15D81179214E58AE008E58F7 /* UISlider */;
			targetProxy = 15D8119A214E58B1008E58F7 /* PBXContainerItemProxy */;
		};
/* End PBXTargetDependency section */

/* Begin PBXVariantGroup section */
		15D81181214E58AE008E58F7 /* Main.storyboard */ = {
			isa = PBXVariantGroup;
			children = (
				15D81182214E58AE008E58F7 /* Base */,
			);
			name = Main.storyboard;
			sourceTree = "<group>";
		};
		15D81186214E58B1008E58F7 /* LaunchScreen.storyboard */ = {
			isa = PBXVariantGroup;
			children = (
				15D81187214E58B1008E58F7 /* Base */,
			);
			name = LaunchScreen.storyboard;
			sourceTree = "<group>";
		};
/* End PBXVariantGroup section */

/* Begin XCBuildConfiguration section */
		15D811A0214E58B1008E58F7 /* Debug */ = {
			isa = XCBuildConfiguration;
			buildSettings = {
				ALWAYS_SEARCH_USER_PATHS = NO;
				CLANG_ANALYZER_NONNULL = YES;
				CLANG_ANALYZER_NUMBER_OBJECT_CONVERSION = YES_AGGRESSIVE;
				CLANG_CXX_LANGUAGE_STANDARD = "gnu++14";
				CLANG_CXX_LIBRARY = "libc++";
				CLANG_ENABLE_MODULES = YES;
				CLANG_ENABLE_OBJC_ARC = YES;
				CLANG_ENABLE_OBJC_WEAK = YES;
				CLANG_WARN_BLOCK_CAPTURE_AUTORELEASING = YES;
				CLANG_WARN_BOOL_CONVERSION = YES;
				CLANG_WARN_COMMA = YES;
				CLANG_WARN_CONSTANT_CONVERSION = YES;
				CLANG_WARN_DEPRECATED_OBJC_IMPLEMENTATIONS = YES;
				CLANG_WARN_DIRECT_OBJC_ISA_USAGE = YES_ERROR;
				CLANG_WARN_DOCUMENTATION_COMMENTS = YES;
				CLANG_WARN_EMPTY_BODY = YES;
				CLANG_WARN_ENUM_CONVERSION = YES;
				CLANG_WARN_INFINITE_RECURSION = YES;
				CLANG_WARN_INT_CONVERSION = YES;
				CLANG_WARN_NON_LITERAL_NULL_CONVERSION = YES;
				CLANG_WARN_OBJC_IMPLICIT_RETAIN_SELF = YES;
				CLANG_WARN_OBJC_LITERAL_CONVERSION = YES;
				CLANG_WARN_OBJC_ROOT_CLASS = YES_ERROR;
				CLANG_WARN_RANGE_LOOP_ANALYSIS = YES;
				CLANG_WARN_STRICT_PROTOTYPES = YES;
				CLANG_WARN_SUSPICIOUS_MOVE = YES;
				CLANG_WARN_UNGUARDED_AVAILABILITY = YES_AGGRESSIVE;
				CLANG_WARN_UNREACHABLE_CODE = YES;
				CLANG_WARN__DUPLICATE_METHOD_MATCH = YES;
				CODE_SIGN_IDENTITY = "iPhone Developer";
				COPY_PHASE_STRIP = NO;
				DEBUG_INFORMATION_FORMAT = dwarf;
				ENABLE_STRICT_OBJC_MSGSEND = YES;
				ENABLE_TESTABILITY = YES;
				GCC_C_LANGUAGE_STANDARD = gnu11;
				GCC_DYNAMIC_NO_PIC = NO;
				GCC_NO_COMMON_BLOCKS = YES;
				GCC_OPTIMIZATION_LEVEL = 0;
				GCC_PREPROCESSOR_DEFINITIONS = (
					"DEBUG=1",
					"$(inherited)",
				);
				GCC_WARN_64_TO_32_BIT_CONVERSION = YES;
				GCC_WARN_ABOUT_RETURN_TYPE = YES_ERROR;
				GCC_WARN_UNDECLARED_SELECTOR = YES;
				GCC_WARN_UNINITIALIZED_AUTOS = YES_AGGRESSIVE;
				GCC_WARN_UNUSED_FUNCTION = YES;
				GCC_WARN_UNUSED_VARIABLE = YES;
				IPHONEOS_DEPLOYMENT_TARGET = 12.0;
				MTL_ENABLE_DEBUG_INFO = INCLUDE_SOURCE;
				MTL_FAST_MATH = YES;
				ONLY_ACTIVE_ARCH = YES;
				SDKROOT = iphoneos;
				SWIFT_ACTIVE_COMPILATION_CONDITIONS = DEBUG;
				SWIFT_OPTIMIZATION_LEVEL = "-Onone";
			};
			name = Debug;
		};
		15D811A1214E58B1008E58F7 /* Release */ = {
			isa = XCBuildConfiguration;
			buildSettings = {
				ALWAYS_SEARCH_USER_PATHS = NO;
				CLANG_ANALYZER_NONNULL = YES;
				CLANG_ANALYZER_NUMBER_OBJECT_CONVERSION = YES_AGGRESSIVE;
				CLANG_CXX_LANGUAGE_STANDARD = "gnu++14";
				CLANG_CXX_LIBRARY = "libc++";
				CLANG_ENABLE_MODULES = YES;
				CLANG_ENABLE_OBJC_ARC = YES;
				CLANG_ENABLE_OBJC_WEAK = YES;
				CLANG_WARN_BLOCK_CAPTURE_AUTORELEASING = YES;
				CLANG_WARN_BOOL_CONVERSION = YES;
				CLANG_WARN_COMMA = YES;
				CLANG_WARN_CONSTANT_CONVERSION = YES;
				CLANG_WARN_DEPRECATED_OBJC_IMPLEMENTATIONS = YES;
				CLANG_WARN_DIRECT_OBJC_ISA_USAGE = YES_ERROR;
				CLANG_WARN_DOCUMENTATION_COMMENTS = YES;
				CLANG_WARN_EMPTY_BODY = YES;
				CLANG_WARN_ENUM_CONVERSION = YES;
				CLANG_WARN_INFINITE_RECURSION = YES;
				CLANG_WARN_INT_CONVERSION = YES;
				CLANG_WARN_NON_LITERAL_NULL_CONVERSION = YES;
				CLANG_WARN_OBJC_IMPLICIT_RETAIN_SELF = YES;
				CLANG_WARN_OBJC_LITERAL_CONVERSION = YES;
				CLANG_WARN_OBJC_ROOT_CLASS = YES_ERROR;
				CLANG_WARN_RANGE_LOOP_ANALYSIS = YES;
				CLANG_WARN_STRICT_PROTOTYPES = YES;
				CLANG_WARN_SUSPICIOUS_MOVE = YES;
				CLANG_WARN_UNGUARDED_AVAILABILITY = YES_AGGRESSIVE;
				CLANG_WARN_UNREACHABLE_CODE = YES;
				CLANG_WARN__DUPLICATE_METHOD_MATCH = YES;
				CODE_SIGN_IDENTITY = "iPhone Developer";
				COPY_PHASE_STRIP = NO;
				DEBUG_INFORMATION_FORMAT = "dwarf-with-dsym";
				ENABLE_NS_ASSERTIONS = NO;
				ENABLE_STRICT_OBJC_MSGSEND = YES;
				GCC_C_LANGUAGE_STANDARD = gnu11;
				GCC_NO_COMMON_BLOCKS = YES;
				GCC_WARN_64_TO_32_BIT_CONVERSION = YES;
				GCC_WARN_ABOUT_RETURN_TYPE = YES_ERROR;
				GCC_WARN_UNDECLARED_SELECTOR = YES;
				GCC_WARN_UNINITIALIZED_AUTOS = YES_AGGRESSIVE;
				GCC_WARN_UNUSED_FUNCTION = YES;
				GCC_WARN_UNUSED_VARIABLE = YES;
				IPHONEOS_DEPLOYMENT_TARGET = 12.0;
				MTL_ENABLE_DEBUG_INFO = NO;
				MTL_FAST_MATH = YES;
				SDKROOT = iphoneos;
				SWIFT_COMPILATION_MODE = wholemodule;
				SWIFT_OPTIMIZATION_LEVEL = "-O";
				VALIDATE_PRODUCT = YES;
			};
			name = Release;
		};
		15D811A3214E58B1008E58F7 /* Debug */ = {
			isa = XCBuildConfiguration;
			buildSettings = {
				ASSETCATALOG_COMPILER_APPICON_NAME = AppIcon;
				CODE_SIGN_STYLE = Automatic;
				DEVELOPMENT_TEAM = A37HB6598M;
				INFOPLIST_FILE = UISlider/Info.plist;
				LD_RUNPATH_SEARCH_PATHS = (
					"$(inherited)",
					"@executable_path/Frameworks",
				);
				PRODUCT_BUNDLE_IDENTIFIER = com.decnt.UISlider;
				PRODUCT_NAME = "$(TARGET_NAME)";
				SWIFT_VERSION = 4.2;
				TARGETED_DEVICE_FAMILY = "1,2";
			};
			name = Debug;
		};
		15D811A4214E58B1008E58F7 /* Release */ = {
			isa = XCBuildConfiguration;
			buildSettings = {
				ASSETCATALOG_COMPILER_APPICON_NAME = AppIcon;
				CODE_SIGN_STYLE = Automatic;
				DEVELOPMENT_TEAM = A37HB6598M;
				INFOPLIST_FILE = UISlider/Info.plist;
				LD_RUNPATH_SEARCH_PATHS = (
					"$(inherited)",
					"@executable_path/Frameworks",
				);
				PRODUCT_BUNDLE_IDENTIFIER = com.decnt.UISlider;
				PRODUCT_NAME = "$(TARGET_NAME)";
				SWIFT_VERSION = 4.2;
				TARGETED_DEVICE_FAMILY = "1,2";
			};
			name = Release;
		};
		15D811A6214E58B1008E58F7 /* Debug */ = {
			isa = XCBuildConfiguration;
			buildSettings = {
				ALWAYS_EMBED_SWIFT_STANDARD_LIBRARIES = YES;
				BUNDLE_LOADER = "$(TEST_HOST)";
				CODE_SIGN_STYLE = Automatic;
				DEVELOPMENT_TEAM = A37HB6598M;
				INFOPLIST_FILE = UISliderTests/Info.plist;
				LD_RUNPATH_SEARCH_PATHS = (
					"$(inherited)",
					"@executable_path/Frameworks",
					"@loader_path/Frameworks",
				);
				PRODUCT_BUNDLE_IDENTIFIER = com.decnt.UISliderTests;
				PRODUCT_NAME = "$(TARGET_NAME)";
				SWIFT_VERSION = 4.2;
				TARGETED_DEVICE_FAMILY = "1,2";
				TEST_HOST = "$(BUILT_PRODUCTS_DIR)/UISlider.app/UISlider";
			};
			name = Debug;
		};
		15D811A7214E58B1008E58F7 /* Release */ = {
			isa = XCBuildConfiguration;
			buildSettings = {
				ALWAYS_EMBED_SWIFT_STANDARD_LIBRARIES = YES;
				BUNDLE_LOADER = "$(TEST_HOST)";
				CODE_SIGN_STYLE = Automatic;
				DEVELOPMENT_TEAM = A37HB6598M;
				INFOPLIST_FILE = UISliderTests/Info.plist;
				LD_RUNPATH_SEARCH_PATHS = (
					"$(inherited)",
					"@executable_path/Frameworks",
					"@loader_path/Frameworks",
				);
				PRODUCT_BUNDLE_IDENTIFIER = com.decnt.UISliderTests;
				PRODUCT_NAME = "$(TARGET_NAME)";
				SWIFT_VERSION = 4.2;
				TARGETED_DEVICE_FAMILY = "1,2";
				TEST_HOST = "$(BUILT_PRODUCTS_DIR)/UISlider.app/UISlider";
			};
			name = Release;
		};
		15D811A9214E58B1008E58F7 /* Debug */ = {
			isa = XCBuildConfiguration;
			buildSettings = {
				ALWAYS_EMBED_SWIFT_STANDARD_LIBRARIES = YES;
				CODE_SIGN_STYLE = Automatic;
				DEVELOPMENT_TEAM = A37HB6598M;
				INFOPLIST_FILE = UISliderUITests/Info.plist;
				LD_RUNPATH_SEARCH_PATHS = (
					"$(inherited)",
					"@executable_path/Frameworks",
					"@loader_path/Frameworks",
				);
				PRODUCT_BUNDLE_IDENTIFIER = com.decnt.UISliderUITests;
				PRODUCT_NAME = "$(TARGET_NAME)";
				SWIFT_VERSION = 4.2;
				TARGETED_DEVICE_FAMILY = "1,2";
				TEST_TARGET_NAME = UISlider;
			};
			name = Debug;
		};
		15D811AA214E58B1008E58F7 /* Release */ = {
			isa = XCBuildConfiguration;
			buildSettings = {
				ALWAYS_EMBED_SWIFT_STANDARD_LIBRARIES = YES;
				CODE_SIGN_STYLE = Automatic;
				DEVELOPMENT_TEAM = A37HB6598M;
				INFOPLIST_FILE = UISliderUITests/Info.plist;
				LD_RUNPATH_SEARCH_PATHS = (
					"$(inherited)",
					"@executable_path/Frameworks",
					"@loader_path/Frameworks",
				);
				PRODUCT_BUNDLE_IDENTIFIER = com.decnt.UISliderUITests;
				PRODUCT_NAME = "$(TARGET_NAME)";
				SWIFT_VERSION = 4.2;
				TARGETED_DEVICE_FAMILY = "1,2";
				TEST_TARGET_NAME = UISlider;
			};
			name = Release;
		};
/* End XCBuildConfiguration section */

/* Begin XCConfigurationList section */
		15D81175214E58AE008E58F7 /* Build configuration list for PBXProject "UISlider" */ = {
			isa = XCConfigurationList;
			buildConfigurations = (
				15D811A0214E58B1008E58F7 /* Debug */,
				15D811A1214E58B1008E58F7 /* Release */,
			);
			defaultConfigurationIsVisible = 0;
			defaultConfigurationName = Release;
		};
		15D811A2214E58B1008E58F7 /* Build configuration list for PBXNativeTarget "UISlider" */ = {
			isa = XCConfigurationList;
			buildConfigurations = (
				15D811A3214E58B1008E58F7 /* Debug */,
				15D811A4214E58B1008E58F7 /* Release */,
			);
			defaultConfigurationIsVisible = 0;
			defaultConfigurationName = Release;
		};
		15D811A5214E58B1008E58F7 /* Build configuration list for PBXNativeTarget "UISliderTests" */ = {
			isa = XCConfigurationList;
			buildConfigurations = (
				15D811A6214E58B1008E58F7 /* Debug */,
				15D811A7214E58B1008E58F7 /* Release */,
			);
			defaultConfigurationIsVisible = 0;
			defaultConfigurationName = Release;
		};
		15D811A8214E58B1008E58F7 /* Build configuration list for PBXNativeTarget "UISliderUITests" */ = {
			isa = XCConfigurationList;
			buildConfigurations = (
				15D811A9214E58B1008E58F7 /* Debug */,
				15D811AA214E58B1008E58F7 /* Release */,
			);
			defaultConfigurationIsVisible = 0;
			defaultConfigurationName = Release;
		};
/* End XCConfigurationList section */
	};
	rootObject = 15D81172214E58AE008E58F7 /* Project object */;
}
